
Microsoft Visual Studio Solution File, Format Version 12.00
# Visual Studio Version 17
VisualStudioVersion = 17.7.34202.233
MinimumVisualStudioVersion = 10.0.40219.1
Project("{FAE04EC0-301F-11D3-BF4B-00C04F79EFBC}") = "Masters 2024 MSS-521", "Masters 2024 MSS-521.csproj", "{E69B14A9-2D86-497E-A49E-5C0CD3F5485C}"
EndProject
Global
	GlobalSection(SolutionConfigurationPlatforms) = preSolution
		Debug|Any CPU = Debug|Any CPU
		Release|Any CPU = Release|Any CPU
	EndGlobalSection
	GlobalSection(ProjectConfigurationPlatforms) = postSolution
		{E69B14A9-2D86-497E-A49E-5C0CD3F5485C}.Debug|Any CPU.ActiveCfg = Debug|Any CPU
		{E69B14A9-2D86-497E-A49E-5C0CD3F5485C}.Debug|Any CPU.Build.0 = Debug|Any CPU
		{E69B14A9-2D86-497E-A49E-5C0CD3F5485C}.Release|Any CPU.ActiveCfg = Release|Any CPU
		{E69B14A9-2D86-497E-A49E-5C0CD3F5485C}.Release|Any CPU.Build.0 = Release|Any CPU
	EndGlobalSection
	GlobalSection(SolutionProperties) = preSolution
		HideSolutionNode = FALSE
	EndGlobalSection
	GlobalSection(ExtensibilityGlobals) = postSolution
		SolutionGuid = {B3ECDA64-385E-4C37-9139-D2A8D4F0B601}
	EndGlobalSection
EndGlobal
