
Microsoft Visual Studio Solution File, Format Version 12.00
# Visual Studio Version 16
VisualStudioVersion = 16.0.32901.82
MinimumVisualStudioVersion = 10.0.40219.1
Project("{FAE04EC0-301F-11D3-BF4B-00C04F79EFBC}") = "M24DriversDemo", "M24DriversDemo\M24DriversDemo.csproj", "{7921E14F-84CC-4B61-AA0D-9B681684B4FA}"
EndProject
Global
	GlobalSection(SolutionConfigurationPlatforms) = preSolution
		Debug|Any CPU = Debug|Any CPU
		Release|Any CPU = Release|Any CPU
	EndGlobalSection
	GlobalSection(ProjectConfigurationPlatforms) = postSolution
		{7921E14F-84CC-4B61-AA0D-9B681684B4FA}.Debug|Any CPU.ActiveCfg = Debug|Any CPU
		{7921E14F-84CC-4B61-AA0D-9B681684B4FA}.Debug|Any CPU.Build.0 = Debug|Any CPU
		{7921E14F-84CC-4B61-AA0D-9B681684B4FA}.Release|Any CPU.ActiveCfg = Release|Any CPU
		{7921E14F-84CC-4B61-AA0D-9B681684B4FA}.Release|Any CPU.Build.0 = Release|Any CPU
	EndGlobalSection
	GlobalSection(SolutionProperties) = preSolution
		HideSolutionNode = FALSE
	EndGlobalSection
	GlobalSection(ExtensibilityGlobals) = postSolution
		SolutionGuid = {57EB4AE0-DB6B-4074-A261-C7CEDC917F97}
	EndGlobalSection
EndGlobal
