
Microsoft Visual Studio Solution File, Format Version 12.00
# Visual Studio Version 17
VisualStudioVersion = 17.5.33530.505
MinimumVisualStudioVersion = 10.0.40219.1
Project("{FAE04EC0-301F-11D3-BF4B-00C04F79EFBC}") = "CTI_MainProgram", "CTI_MainProgram\CTI_MainProgram.csproj", "{97980C26-1A5E-4C8A-8A51-B42091FFC656}"
EndProject
Global
	GlobalSection(SolutionConfigurationPlatforms) = preSolution
		Debug|Any CPU = Debug|Any CPU
		Release|Any CPU = Release|Any CPU
	EndGlobalSection
	GlobalSection(ProjectConfigurationPlatforms) = postSolution
		{97980C26-1A5E-4C8A-8A51-B42091FFC656}.Debug|Any CPU.ActiveCfg = Debug|Any CPU
		{97980C26-1A5E-4C8A-8A51-B42091FFC656}.Debug|Any CPU.Build.0 = Debug|Any CPU
		{97980C26-1A5E-4C8A-8A51-B42091FFC656}.Release|Any CPU.ActiveCfg = Release|Any CPU
		{97980C26-1A5E-4C8A-8A51-B42091FFC656}.Release|Any CPU.Build.0 = Release|Any CPU
	EndGlobalSection
	GlobalSection(SolutionProperties) = preSolution
		HideSolutionNode = FALSE
	EndGlobalSection
	GlobalSection(ExtensibilityGlobals) = postSolution
		SolutionGuid = {58E9CC15-1F1E-468B-9A0F-8A3132DB9844}
	EndGlobalSection
EndGlobal
